
Microsoft Visual Studio Solution File, Format Version 11.00
# Visual Studio 2010
Project("{2150E333-8FDC-42A3-9474-1A3956D46DE8}") = "WindowsService", "WindowsService", "{65771697-0185-4205-BF66-E84F189BEB64}"
EndProject
Project("{2150E333-8FDC-42A3-9474-1A3956D46DE8}") = "Website", "Website", "{39121CB4-3BE3-467B-834E-3C5998594063}"
EndProject
Project("{2150E333-8FDC-42A3-9474-1A3956D46DE8}") = "DataAccess", "DataAccess", "{63014DB3-EAA2-4E2C-BD0F-F84F9D1A4152}"
EndProject
Project("{2150E333-8FDC-42A3-9474-1A3956D46DE8}") = "Component", "Component", "{AC0ACB03-C8CD-4254-96C5-0DD17B26B6FA}"
EndProject
Project("{2150E333-8FDC-42A3-9474-1A3956D46DE8}") = "ServiceFrame", "ServiceFrame", "{84BA9AA4-6638-4E01-A9B5-BA4A196F8407}"
EndProject
Project("{FAE04EC0-301F-11D3-BF4B-00C04F79EFBC}") = "RFD.FMS.DAL", "RFD.FMS.DAL\RFD.FMS.DAL.csproj", "{E3B5DFB5-E710-4858-BBDC-8B155D273ADE}"
EndProject
Project("{FAE04EC0-301F-11D3-BF4B-00C04F79EFBC}") = "RFD.FMS.MODEL", "RFD.FMS.MODEL\RFD.FMS.MODEL.csproj", "{C01A862A-8684-4A4C-B478-999BC5C8BF75}"
EndProject
Project("{FAE04EC0-301F-11D3-BF4B-00C04F79EFBC}") = "RFD.FMS.Service", "RFD.FMS.Service\RFD.FMS.Service.csproj", "{226AD3C4-2CCB-4ABB-91EB-01E2D1D0CC66}"
EndProject
Project("{FAE04EC0-301F-11D3-BF4B-00C04F79EFBC}") = "RFD.FMS.WEB", "RFD.FMS.WEB\RFD.FMS.WEB.csproj", "{0D6389F1-B14E-46A9-857E-DAF0CEA8C475}"
EndProject
Project("{FAE04EC0-301F-11D3-BF4B-00C04F79EFBC}") = "RFD.FMS.WEBLOGIC", "RFD.FMS.WEBLOGIC\RFD.FMS.WEBLOGIC.csproj", "{0AAC6D97-1473-4868-B5E9-EB563DE42B7D}"
EndProject
Project("{FAE04EC0-301F-11D3-BF4B-00C04F79EFBC}") = "RFD.FMS.Proxy", "RFD.FMS.Proxy\RFD.FMS.Proxy.csproj", "{A34D3028-2684-4063-8567-51A0960650C7}"
EndProject
Project("{FAE04EC0-301F-11D3-BF4B-00C04F79EFBC}") = "RFD.FMS.Domain", "RFD.FMS.Domain\RFD.FMS.Domain.csproj", "{D37AAD95-DCA2-4D51-9533-098C32D8C22D}"
EndProject
Project("{FAE04EC0-301F-11D3-BF4B-00C04F79EFBC}") = "RFD.FMS.AdoNet", "LMS.AdoNet\RFD.FMS.AdoNet.csproj", "{605AAD38-A148-45AE-9423-DC18E3FAF6DC}"
EndProject
Project("{2150E333-8FDC-42A3-9474-1A3956D46DE8}") = "Test", "Test", "{54F44351-6C3D-4991-8EB6-380AAAA969CB}"
EndProject
Project("{2150E333-8FDC-42A3-9474-1A3956D46DE8}") = "Solution Items", "Solution Items", "{2F7982E8-DCCD-47F1-B14A-449C60D1B424}"
	ProjectSection(SolutionItems) = preProject
		Local.testsettings = Local.testsettings
		RFD.FMS.vsmdi = RFD.FMS.vsmdi
		TraceAndTestImpact.testsettings = TraceAndTestImpact.testsettings
	EndProjectSection
EndProject
Project("{FAE04EC0-301F-11D3-BF4B-00C04F79EFBC}") = "RFD.FMS.Util", "LMS.Util\RFD.FMS.Util.csproj", "{C03634A1-391C-4E80-9611-6F666AEE72F2}"
EndProject
Project("{FAE04EC0-301F-11D3-BF4B-00C04F79EFBC}") = "RFD.FMS.TestProject", "RFD.FMS.TestProject\RFD.FMS.TestProject.csproj", "{31D0878D-3556-4C18-AB15-B9875FDD5F6E}"
EndProject
Project("{FAE04EC0-301F-11D3-BF4B-00C04F79EFBC}") = "RFD.FMS.OpenService", "RFD.FMS.OpenService\RFD.FMS.OpenService.csproj", "{22FBCBCF-7AB1-4D4D-A718-628C24A23EA5}"
EndProject
Project("{FAE04EC0-301F-11D3-BF4B-00C04F79EFBC}") = "WindowsServiceFactory", "RFD.FMS.WindowService\WindowsServiceFactory\WindowsServiceFactory.csproj", "{3CE990B2-BD45-4C48-9660-BE794F81ED1A}"
EndProject
Project("{FAE04EC0-301F-11D3-BF4B-00C04F79EFBC}") = "WindowsServiceInterface", "RFD.FMS.WindowService\WindowsServiceInterface\WindowsServiceInterface.csproj", "{22CE73D5-A393-450F-A4A0-520254021FE6}"
EndProject
Project("{FAE04EC0-301F-11D3-BF4B-00C04F79EFBC}") = "ServiceIncomeAccount", "RFD.FMS.WindowService\ServiceIncomeAccount\ServiceIncomeAccount.csproj", "{43114674-4525-4B91-ADA7-18091B6D2518}"
EndProject
Project("{FAE04EC0-301F-11D3-BF4B-00C04F79EFBC}") = "ServiceForWmsVsFMSDailyCheck", "RFD.FMS.WindowService\ServiceForWmsVsFMSDailyCheck\ServiceForWmsVsFMSDailyCheck.csproj", "{927DF02A-6666-4CEA-B7C2-24B6A49ED3E0}"
EndProject
Project("{FAE04EC0-301F-11D3-BF4B-00C04F79EFBC}") = "ServiceForCodAccount", "RFD.FMS.WindowService\ServiceForCodAccount\ServiceForCodAccount.csproj", "{1166BA45-8008-46B2-B0DC-AE2DD6E8F4F4}"
EndProject
Project("{FAE04EC0-301F-11D3-BF4B-00C04F79EFBC}") = "ServiceForCalculateDedust", "RFD.FMS.WindowService\ServiceForCalculateDedust\ServiceForCalculateDedust.csproj", "{F092FA75-847B-4A5D-8820-9D18C56FA638}"
EndProject
Project("{FAE04EC0-301F-11D3-BF4B-00C04F79EFBC}") = "ServiceForAreaExpressLevel", "RFD.FMS.WindowService\ServiceForAreaExpressLevel\ServiceForAreaExpressLevel.csproj", "{19B4F56E-7EC4-4373-8F5E-207F64523D65}"
EndProject
Project("{FAE04EC0-301F-11D3-BF4B-00C04F79EFBC}") = "ServiceForInComeFeeAcount", "RFD.FMS.WindowService\ServiceForInComeFeeAcount\ServiceForInComeFeeAcount.csproj", "{87236280-4434-422B-8796-D3674760E083}"
EndProject
Project("{FAE04EC0-301F-11D3-BF4B-00C04F79EFBC}") = "ServiceForLmsSynFms", "RFD.FMS.WindowService\ServiceForLmsSynFms\ServiceForLmsSynFms.csproj", "{1396C7DC-7EA9-42A7-8522-89875847C3F0}"
EndProject
Project("{FAE04EC0-301F-11D3-BF4B-00C04F79EFBC}") = "ServiceForRepairDedust", "RFD.FMS.WindowService\ServiceForRepairDedust\ServiceForRepairDedust.csproj", "{C99937DA-3577-4D62-8294-EFC283C6DADE}"
EndProject
Project("{FAE04EC0-301F-11D3-BF4B-00C04F79EFBC}") = "RFD.FMS.DAL.Oracle", "RFD.FMS.DAL.Oracle\RFD.FMS.DAL.Oracle.csproj", "{2A5D98F3-225A-475A-B168-F8A7B16A96A3}"
EndProject
Project("{FAE04EC0-301F-11D3-BF4B-00C04F79EFBC}") = "Oracle.ApplicationBlocks.Data", "Oracle.ApplicationBlocks.Data\Oracle.ApplicationBlocks.Data.csproj", "{77AEFE9A-2029-4E7B-A868-B057BE4E85EA}"
EndProject
Project("{FAE04EC0-301F-11D3-BF4B-00C04F79EFBC}") = "RFD.FMS.ServiceImpl", "RFD.FMS.ServiceImpl\RFD.FMS.ServiceImpl.csproj", "{41A72037-9DB9-4D7A-B06D-BF04EA787D79}"
EndProject
Project("{FAE04EC0-301F-11D3-BF4B-00C04F79EFBC}") = "Microsoft.ApplicationBlocks.Data.Extension", "Microsoft.ApplicationBlocks.Data.Extension\Microsoft.ApplicationBlocks.Data.Extension.csproj", "{555642E2-89CA-4D21-A61B-489437660909}"
EndProject
Project("{FAE04EC0-301F-11D3-BF4B-00C04F79EFBC}") = "WindowsServiceStatusChangeNotifyForFMS", "RFD.FMS.WindowService\WindowsServiceStatusChangeNotifyForLMS\WindowsServiceStatusChangeNotifyForFMS.csproj", "{F8BE3C81-649D-414D-B54E-0D0C3C621F87}"
EndProject
Project("{FAE04EC0-301F-11D3-BF4B-00C04F79EFBC}") = "ServiceForSortingFee", "RFD.FMS.WindowService\ServiceForSortingFee\ServiceForSortingFee.csproj", "{294C26DB-4C94-43D7-90E1-E8102EF663B9}"
EndProject
Project("{FAE04EC0-301F-11D3-BF4B-00C04F79EFBC}") = "AreaDeductErrorStatService", "RFD.FMS.WindowService\AreaDeductErrorStatService\AreaDeductErrorStatService.csproj", "{BA8CBCF0-DC1B-4609-99BB-2E5B7406EE0E}"
EndProject
Global
	GlobalSection(TestCaseManagementSettings) = postSolution
		CategoryFile = RFD.FMS.vsmdi
	EndGlobalSection
	GlobalSection(SolutionConfigurationPlatforms) = preSolution
		Debug|Any CPU = Debug|Any CPU
		Debug|Mixed Platforms = Debug|Mixed Platforms
		Debug|x64 = Debug|x64
		Debug|x86 = Debug|x86
		Release|Any CPU = Release|Any CPU
		Release|Mixed Platforms = Release|Mixed Platforms
		Release|x64 = Release|x64
		Release|x86 = Release|x86
	EndGlobalSection
	GlobalSection(ProjectConfigurationPlatforms) = postSolution
		{E3B5DFB5-E710-4858-BBDC-8B155D273ADE}.Debug|Any CPU.ActiveCfg = Debug|Any CPU
		{E3B5DFB5-E710-4858-BBDC-8B155D273ADE}.Debug|Any CPU.Build.0 = Debug|Any CPU
		{E3B5DFB5-E710-4858-BBDC-8B155D273ADE}.Debug|Mixed Platforms.ActiveCfg = Debug|Any CPU
		{E3B5DFB5-E710-4858-BBDC-8B155D273ADE}.Debug|Mixed Platforms.Build.0 = Debug|Any CPU
		{E3B5DFB5-E710-4858-BBDC-8B155D273ADE}.Debug|x64.ActiveCfg = Debug|Any CPU
		{E3B5DFB5-E710-4858-BBDC-8B155D273ADE}.Debug|x86.ActiveCfg = Debug|Any CPU
		{E3B5DFB5-E710-4858-BBDC-8B155D273ADE}.Release|Any CPU.ActiveCfg = Release|Any CPU
		{E3B5DFB5-E710-4858-BBDC-8B155D273ADE}.Release|Any CPU.Build.0 = Release|Any CPU
		{E3B5DFB5-E710-4858-BBDC-8B155D273ADE}.Release|Mixed Platforms.ActiveCfg = Release|Any CPU
		{E3B5DFB5-E710-4858-BBDC-8B155D273ADE}.Release|Mixed Platforms.Build.0 = Release|Any CPU
		{E3B5DFB5-E710-4858-BBDC-8B155D273ADE}.Release|x64.ActiveCfg = Release|Any CPU
		{E3B5DFB5-E710-4858-BBDC-8B155D273ADE}.Release|x86.ActiveCfg = Release|Any CPU
		{C01A862A-8684-4A4C-B478-999BC5C8BF75}.Debug|Any CPU.ActiveCfg = Debug|Any CPU
		{C01A862A-8684-4A4C-B478-999BC5C8BF75}.Debug|Any CPU.Build.0 = Debug|Any CPU
		{C01A862A-8684-4A4C-B478-999BC5C8BF75}.Debug|Mixed Platforms.ActiveCfg = Debug|Any CPU
		{C01A862A-8684-4A4C-B478-999BC5C8BF75}.Debug|Mixed Platforms.Build.0 = Debug|Any CPU
		{C01A862A-8684-4A4C-B478-999BC5C8BF75}.Debug|x64.ActiveCfg = Debug|Any CPU
		{C01A862A-8684-4A4C-B478-999BC5C8BF75}.Debug|x86.ActiveCfg = Debug|Any CPU
		{C01A862A-8684-4A4C-B478-999BC5C8BF75}.Release|Any CPU.ActiveCfg = Release|Any CPU
		{C01A862A-8684-4A4C-B478-999BC5C8BF75}.Release|Any CPU.Build.0 = Release|Any CPU
		{C01A862A-8684-4A4C-B478-999BC5C8BF75}.Release|Mixed Platforms.ActiveCfg = Release|Any CPU
		{C01A862A-8684-4A4C-B478-999BC5C8BF75}.Release|Mixed Platforms.Build.0 = Release|Any CPU
		{C01A862A-8684-4A4C-B478-999BC5C8BF75}.Release|x64.ActiveCfg = Release|Any CPU
		{C01A862A-8684-4A4C-B478-999BC5C8BF75}.Release|x86.ActiveCfg = Release|Any CPU
		{226AD3C4-2CCB-4ABB-91EB-01E2D1D0CC66}.Debug|Any CPU.ActiveCfg = Debug|Any CPU
		{226AD3C4-2CCB-4ABB-91EB-01E2D1D0CC66}.Debug|Any CPU.Build.0 = Debug|Any CPU
		{226AD3C4-2CCB-4ABB-91EB-01E2D1D0CC66}.Debug|Mixed Platforms.ActiveCfg = Debug|Any CPU
		{226AD3C4-2CCB-4ABB-91EB-01E2D1D0CC66}.Debug|Mixed Platforms.Build.0 = Debug|Any CPU
		{226AD3C4-2CCB-4ABB-91EB-01E2D1D0CC66}.Debug|x64.ActiveCfg = Debug|Any CPU
		{226AD3C4-2CCB-4ABB-91EB-01E2D1D0CC66}.Debug|x86.ActiveCfg = Debug|Any CPU
		{226AD3C4-2CCB-4ABB-91EB-01E2D1D0CC66}.Release|Any CPU.ActiveCfg = Release|Any CPU
		{226AD3C4-2CCB-4ABB-91EB-01E2D1D0CC66}.Release|Any CPU.Build.0 = Release|Any CPU
		{226AD3C4-2CCB-4ABB-91EB-01E2D1D0CC66}.Release|Mixed Platforms.ActiveCfg = Release|Any CPU
		{226AD3C4-2CCB-4ABB-91EB-01E2D1D0CC66}.Release|Mixed Platforms.Build.0 = Release|Any CPU
		{226AD3C4-2CCB-4ABB-91EB-01E2D1D0CC66}.Release|x64.ActiveCfg = Release|Any CPU
		{226AD3C4-2CCB-4ABB-91EB-01E2D1D0CC66}.Release|x86.ActiveCfg = Release|Any CPU
		{0D6389F1-B14E-46A9-857E-DAF0CEA8C475}.Debug|Any CPU.ActiveCfg = Debug|Any CPU
		{0D6389F1-B14E-46A9-857E-DAF0CEA8C475}.Debug|Any CPU.Build.0 = Debug|Any CPU
		{0D6389F1-B14E-46A9-857E-DAF0CEA8C475}.Debug|Mixed Platforms.ActiveCfg = Debug|Any CPU
		{0D6389F1-B14E-46A9-857E-DAF0CEA8C475}.Debug|Mixed Platforms.Build.0 = Debug|Any CPU
		{0D6389F1-B14E-46A9-857E-DAF0CEA8C475}.Debug|x64.ActiveCfg = Debug|Any CPU
		{0D6389F1-B14E-46A9-857E-DAF0CEA8C475}.Debug|x86.ActiveCfg = Debug|Any CPU
		{0D6389F1-B14E-46A9-857E-DAF0CEA8C475}.Release|Any CPU.ActiveCfg = Release|Any CPU
		{0D6389F1-B14E-46A9-857E-DAF0CEA8C475}.Release|Any CPU.Build.0 = Release|Any CPU
		{0D6389F1-B14E-46A9-857E-DAF0CEA8C475}.Release|Mixed Platforms.ActiveCfg = Release|Any CPU
		{0D6389F1-B14E-46A9-857E-DAF0CEA8C475}.Release|Mixed Platforms.Build.0 = Release|Any CPU
		{0D6389F1-B14E-46A9-857E-DAF0CEA8C475}.Release|x64.ActiveCfg = Release|Any CPU
		{0D6389F1-B14E-46A9-857E-DAF0CEA8C475}.Release|x86.ActiveCfg = Release|Any CPU
		{0AAC6D97-1473-4868-B5E9-EB563DE42B7D}.Debug|Any CPU.ActiveCfg = Debug|Any CPU
		{0AAC6D97-1473-4868-B5E9-EB563DE42B7D}.Debug|Any CPU.Build.0 = Debug|Any CPU
		{0AAC6D97-1473-4868-B5E9-EB563DE42B7D}.Debug|Mixed Platforms.ActiveCfg = Debug|Any CPU
		{0AAC6D97-1473-4868-B5E9-EB563DE42B7D}.Debug|Mixed Platforms.Build.0 = Debug|Any CPU
		{0AAC6D97-1473-4868-B5E9-EB563DE42B7D}.Debug|x64.ActiveCfg = Debug|Any CPU
		{0AAC6D97-1473-4868-B5E9-EB563DE42B7D}.Debug|x86.ActiveCfg = Debug|Any CPU
		{0AAC6D97-1473-4868-B5E9-EB563DE42B7D}.Release|Any CPU.ActiveCfg = Release|Any CPU
		{0AAC6D97-1473-4868-B5E9-EB563DE42B7D}.Release|Any CPU.Build.0 = Release|Any CPU
		{0AAC6D97-1473-4868-B5E9-EB563DE42B7D}.Release|Mixed Platforms.ActiveCfg = Release|Any CPU
		{0AAC6D97-1473-4868-B5E9-EB563DE42B7D}.Release|Mixed Platforms.Build.0 = Release|Any CPU
		{0AAC6D97-1473-4868-B5E9-EB563DE42B7D}.Release|x64.ActiveCfg = Release|Any CPU
		{0AAC6D97-1473-4868-B5E9-EB563DE42B7D}.Release|x86.ActiveCfg = Release|Any CPU
		{A34D3028-2684-4063-8567-51A0960650C7}.Debug|Any CPU.ActiveCfg = Debug|Any CPU
		{A34D3028-2684-4063-8567-51A0960650C7}.Debug|Any CPU.Build.0 = Debug|Any CPU
		{A34D3028-2684-4063-8567-51A0960650C7}.Debug|Mixed Platforms.ActiveCfg = Debug|Any CPU
		{A34D3028-2684-4063-8567-51A0960650C7}.Debug|Mixed Platforms.Build.0 = Debug|Any CPU
		{A34D3028-2684-4063-8567-51A0960650C7}.Debug|x64.ActiveCfg = Debug|Any CPU
		{A34D3028-2684-4063-8567-51A0960650C7}.Debug|x86.ActiveCfg = Debug|Any CPU
		{A34D3028-2684-4063-8567-51A0960650C7}.Release|Any CPU.ActiveCfg = Release|Any CPU
		{A34D3028-2684-4063-8567-51A0960650C7}.Release|Any CPU.Build.0 = Release|Any CPU
		{A34D3028-2684-4063-8567-51A0960650C7}.Release|Mixed Platforms.ActiveCfg = Release|Any CPU
		{A34D3028-2684-4063-8567-51A0960650C7}.Release|Mixed Platforms.Build.0 = Release|Any CPU
		{A34D3028-2684-4063-8567-51A0960650C7}.Release|x64.ActiveCfg = Release|Any CPU
		{A34D3028-2684-4063-8567-51A0960650C7}.Release|x86.ActiveCfg = Release|Any CPU
		{D37AAD95-DCA2-4D51-9533-098C32D8C22D}.Debug|Any CPU.ActiveCfg = Debug|Any CPU
		{D37AAD95-DCA2-4D51-9533-098C32D8C22D}.Debug|Any CPU.Build.0 = Debug|Any CPU
		{D37AAD95-DCA2-4D51-9533-098C32D8C22D}.Debug|Mixed Platforms.ActiveCfg = Debug|Any CPU
		{D37AAD95-DCA2-4D51-9533-098C32D8C22D}.Debug|Mixed Platforms.Build.0 = Debug|Any CPU
		{D37AAD95-DCA2-4D51-9533-098C32D8C22D}.Debug|x64.ActiveCfg = Debug|Any CPU
		{D37AAD95-DCA2-4D51-9533-098C32D8C22D}.Debug|x86.ActiveCfg = Debug|Any CPU
		{D37AAD95-DCA2-4D51-9533-098C32D8C22D}.Release|Any CPU.ActiveCfg = Release|Any CPU
		{D37AAD95-DCA2-4D51-9533-098C32D8C22D}.Release|Any CPU.Build.0 = Release|Any CPU
		{D37AAD95-DCA2-4D51-9533-098C32D8C22D}.Release|Mixed Platforms.ActiveCfg = Release|Any CPU
		{D37AAD95-DCA2-4D51-9533-098C32D8C22D}.Release|Mixed Platforms.Build.0 = Release|Any CPU
		{D37AAD95-DCA2-4D51-9533-098C32D8C22D}.Release|x64.ActiveCfg = Release|Any CPU
		{D37AAD95-DCA2-4D51-9533-098C32D8C22D}.Release|x86.ActiveCfg = Release|Any CPU
		{605AAD38-A148-45AE-9423-DC18E3FAF6DC}.Debug|Any CPU.ActiveCfg = Debug|Any CPU
		{605AAD38-A148-45AE-9423-DC18E3FAF6DC}.Debug|Any CPU.Build.0 = Debug|Any CPU
		{605AAD38-A148-45AE-9423-DC18E3FAF6DC}.Debug|Mixed Platforms.ActiveCfg = Debug|Any CPU
		{605AAD38-A148-45AE-9423-DC18E3FAF6DC}.Debug|Mixed Platforms.Build.0 = Debug|Any CPU
		{605AAD38-A148-45AE-9423-DC18E3FAF6DC}.Debug|x64.ActiveCfg = Debug|Any CPU
		{605AAD38-A148-45AE-9423-DC18E3FAF6DC}.Debug|x86.ActiveCfg = Debug|Any CPU
		{605AAD38-A148-45AE-9423-DC18E3FAF6DC}.Release|Any CPU.ActiveCfg = Release|Any CPU
		{605AAD38-A148-45AE-9423-DC18E3FAF6DC}.Release|Any CPU.Build.0 = Release|Any CPU
		{605AAD38-A148-45AE-9423-DC18E3FAF6DC}.Release|Mixed Platforms.ActiveCfg = Release|Any CPU
		{605AAD38-A148-45AE-9423-DC18E3FAF6DC}.Release|Mixed Platforms.Build.0 = Release|Any CPU
		{605AAD38-A148-45AE-9423-DC18E3FAF6DC}.Release|x64.ActiveCfg = Release|Any CPU
		{605AAD38-A148-45AE-9423-DC18E3FAF6DC}.Release|x86.ActiveCfg = Release|Any CPU
		{C03634A1-391C-4E80-9611-6F666AEE72F2}.Debug|Any CPU.ActiveCfg = Debug|Any CPU
		{C03634A1-391C-4E80-9611-6F666AEE72F2}.Debug|Any CPU.Build.0 = Debug|Any CPU
		{C03634A1-391C-4E80-9611-6F666AEE72F2}.Debug|Mixed Platforms.ActiveCfg = Debug|Any CPU
		{C03634A1-391C-4E80-9611-6F666AEE72F2}.Debug|Mixed Platforms.Build.0 = Debug|Any CPU
		{C03634A1-391C-4E80-9611-6F666AEE72F2}.Debug|x64.ActiveCfg = Debug|Any CPU
		{C03634A1-391C-4E80-9611-6F666AEE72F2}.Debug|x86.ActiveCfg = Debug|Any CPU
		{C03634A1-391C-4E80-9611-6F666AEE72F2}.Release|Any CPU.ActiveCfg = Release|Any CPU
		{C03634A1-391C-4E80-9611-6F666AEE72F2}.Release|Any CPU.Build.0 = Release|Any CPU
		{C03634A1-391C-4E80-9611-6F666AEE72F2}.Release|Mixed Platforms.ActiveCfg = Release|Any CPU
		{C03634A1-391C-4E80-9611-6F666AEE72F2}.Release|Mixed Platforms.Build.0 = Release|Any CPU
		{C03634A1-391C-4E80-9611-6F666AEE72F2}.Release|x64.ActiveCfg = Release|Any CPU
		{C03634A1-391C-4E80-9611-6F666AEE72F2}.Release|x86.ActiveCfg = Release|Any CPU
		{31D0878D-3556-4C18-AB15-B9875FDD5F6E}.Debug|Any CPU.ActiveCfg = Debug|Any CPU
		{31D0878D-3556-4C18-AB15-B9875FDD5F6E}.Debug|Any CPU.Build.0 = Debug|Any CPU
		{31D0878D-3556-4C18-AB15-B9875FDD5F6E}.Debug|Mixed Platforms.ActiveCfg = Debug|Any CPU
		{31D0878D-3556-4C18-AB15-B9875FDD5F6E}.Debug|Mixed Platforms.Build.0 = Debug|Any CPU
		{31D0878D-3556-4C18-AB15-B9875FDD5F6E}.Debug|x64.ActiveCfg = Debug|Any CPU
		{31D0878D-3556-4C18-AB15-B9875FDD5F6E}.Debug|x86.ActiveCfg = Debug|Any CPU
		{31D0878D-3556-4C18-AB15-B9875FDD5F6E}.Release|Any CPU.ActiveCfg = Release|Any CPU
		{31D0878D-3556-4C18-AB15-B9875FDD5F6E}.Release|Any CPU.Build.0 = Release|Any CPU
		{31D0878D-3556-4C18-AB15-B9875FDD5F6E}.Release|Mixed Platforms.ActiveCfg = Release|Any CPU
		{31D0878D-3556-4C18-AB15-B9875FDD5F6E}.Release|Mixed Platforms.Build.0 = Release|Any CPU
		{31D0878D-3556-4C18-AB15-B9875FDD5F6E}.Release|x64.ActiveCfg = Release|Any CPU
		{31D0878D-3556-4C18-AB15-B9875FDD5F6E}.Release|x86.ActiveCfg = Release|Any CPU
		{22FBCBCF-7AB1-4D4D-A718-628C24A23EA5}.Debug|Any CPU.ActiveCfg = Debug|Any CPU
		{22FBCBCF-7AB1-4D4D-A718-628C24A23EA5}.Debug|Any CPU.Build.0 = Debug|Any CPU
		{22FBCBCF-7AB1-4D4D-A718-628C24A23EA5}.Debug|Mixed Platforms.ActiveCfg = Debug|Any CPU
		{22FBCBCF-7AB1-4D4D-A718-628C24A23EA5}.Debug|Mixed Platforms.Build.0 = Debug|Any CPU
		{22FBCBCF-7AB1-4D4D-A718-628C24A23EA5}.Debug|x64.ActiveCfg = Debug|Any CPU
		{22FBCBCF-7AB1-4D4D-A718-628C24A23EA5}.Debug|x86.ActiveCfg = Debug|Any CPU
		{22FBCBCF-7AB1-4D4D-A718-628C24A23EA5}.Release|Any CPU.ActiveCfg = Release|Any CPU
		{22FBCBCF-7AB1-4D4D-A718-628C24A23EA5}.Release|Any CPU.Build.0 = Release|Any CPU
		{22FBCBCF-7AB1-4D4D-A718-628C24A23EA5}.Release|Mixed Platforms.ActiveCfg = Release|Any CPU
		{22FBCBCF-7AB1-4D4D-A718-628C24A23EA5}.Release|Mixed Platforms.Build.0 = Release|Any CPU
		{22FBCBCF-7AB1-4D4D-A718-628C24A23EA5}.Release|x64.ActiveCfg = Release|Any CPU
		{22FBCBCF-7AB1-4D4D-A718-628C24A23EA5}.Release|x86.ActiveCfg = Release|Any CPU
		{3CE990B2-BD45-4C48-9660-BE794F81ED1A}.Debug|Any CPU.ActiveCfg = Debug|Any CPU
		{3CE990B2-BD45-4C48-9660-BE794F81ED1A}.Debug|Any CPU.Build.0 = Debug|Any CPU
		{3CE990B2-BD45-4C48-9660-BE794F81ED1A}.Debug|Mixed Platforms.ActiveCfg = Debug|Any CPU
		{3CE990B2-BD45-4C48-9660-BE794F81ED1A}.Debug|Mixed Platforms.Build.0 = Debug|Any CPU
		{3CE990B2-BD45-4C48-9660-BE794F81ED1A}.Debug|x64.ActiveCfg = Debug|Any CPU
		{3CE990B2-BD45-4C48-9660-BE794F81ED1A}.Debug|x86.ActiveCfg = Debug|Any CPU
		{3CE990B2-BD45-4C48-9660-BE794F81ED1A}.Release|Any CPU.ActiveCfg = Release|Any CPU
		{3CE990B2-BD45-4C48-9660-BE794F81ED1A}.Release|Any CPU.Build.0 = Release|Any CPU
		{3CE990B2-BD45-4C48-9660-BE794F81ED1A}.Release|Mixed Platforms.ActiveCfg = Release|Any CPU
		{3CE990B2-BD45-4C48-9660-BE794F81ED1A}.Release|Mixed Platforms.Build.0 = Release|Any CPU
		{3CE990B2-BD45-4C48-9660-BE794F81ED1A}.Release|x64.ActiveCfg = Release|Any CPU
		{3CE990B2-BD45-4C48-9660-BE794F81ED1A}.Release|x86.ActiveCfg = Release|Any CPU
		{22CE73D5-A393-450F-A4A0-520254021FE6}.Debug|Any CPU.ActiveCfg = Debug|Any CPU
		{22CE73D5-A393-450F-A4A0-520254021FE6}.Debug|Any CPU.Build.0 = Debug|Any CPU
		{22CE73D5-A393-450F-A4A0-520254021FE6}.Debug|Mixed Platforms.ActiveCfg = Debug|Any CPU
		{22CE73D5-A393-450F-A4A0-520254021FE6}.Debug|Mixed Platforms.Build.0 = Debug|Any CPU
		{22CE73D5-A393-450F-A4A0-520254021FE6}.Debug|x64.ActiveCfg = Debug|Any CPU
		{22CE73D5-A393-450F-A4A0-520254021FE6}.Debug|x86.ActiveCfg = Debug|Any CPU
		{22CE73D5-A393-450F-A4A0-520254021FE6}.Release|Any CPU.ActiveCfg = Release|Any CPU
		{22CE73D5-A393-450F-A4A0-520254021FE6}.Release|Any CPU.Build.0 = Release|Any CPU
		{22CE73D5-A393-450F-A4A0-520254021FE6}.Release|Mixed Platforms.ActiveCfg = Release|Any CPU
		{22CE73D5-A393-450F-A4A0-520254021FE6}.Release|Mixed Platforms.Build.0 = Release|Any CPU
		{22CE73D5-A393-450F-A4A0-520254021FE6}.Release|x64.ActiveCfg = Release|Any CPU
		{22CE73D5-A393-450F-A4A0-520254021FE6}.Release|x86.ActiveCfg = Release|Any CPU
		{43114674-4525-4B91-ADA7-18091B6D2518}.Debug|Any CPU.ActiveCfg = Debug|Any CPU
		{43114674-4525-4B91-ADA7-18091B6D2518}.Debug|Any CPU.Build.0 = Debug|Any CPU
		{43114674-4525-4B91-ADA7-18091B6D2518}.Debug|Mixed Platforms.ActiveCfg = Debug|Any CPU
		{43114674-4525-4B91-ADA7-18091B6D2518}.Debug|Mixed Platforms.Build.0 = Debug|Any CPU
		{43114674-4525-4B91-ADA7-18091B6D2518}.Debug|x64.ActiveCfg = Debug|Any CPU
		{43114674-4525-4B91-ADA7-18091B6D2518}.Debug|x86.ActiveCfg = Debug|Any CPU
		{43114674-4525-4B91-ADA7-18091B6D2518}.Release|Any CPU.ActiveCfg = Release|Any CPU
		{43114674-4525-4B91-ADA7-18091B6D2518}.Release|Any CPU.Build.0 = Release|Any CPU
		{43114674-4525-4B91-ADA7-18091B6D2518}.Release|Mixed Platforms.ActiveCfg = Release|Any CPU
		{43114674-4525-4B91-ADA7-18091B6D2518}.Release|Mixed Platforms.Build.0 = Release|Any CPU
		{43114674-4525-4B91-ADA7-18091B6D2518}.Release|x64.ActiveCfg = Release|Any CPU
		{43114674-4525-4B91-ADA7-18091B6D2518}.Release|x86.ActiveCfg = Release|Any CPU
		{927DF02A-6666-4CEA-B7C2-24B6A49ED3E0}.Debug|Any CPU.ActiveCfg = Debug|Any CPU
		{927DF02A-6666-4CEA-B7C2-24B6A49ED3E0}.Debug|Any CPU.Build.0 = Debug|Any CPU
		{927DF02A-6666-4CEA-B7C2-24B6A49ED3E0}.Debug|Mixed Platforms.ActiveCfg = Debug|Any CPU
		{927DF02A-6666-4CEA-B7C2-24B6A49ED3E0}.Debug|Mixed Platforms.Build.0 = Debug|Any CPU
		{927DF02A-6666-4CEA-B7C2-24B6A49ED3E0}.Debug|x64.ActiveCfg = Debug|Any CPU
		{927DF02A-6666-4CEA-B7C2-24B6A49ED3E0}.Debug|x86.ActiveCfg = Debug|Any CPU
		{927DF02A-6666-4CEA-B7C2-24B6A49ED3E0}.Release|Any CPU.ActiveCfg = Release|Any CPU
		{927DF02A-6666-4CEA-B7C2-24B6A49ED3E0}.Release|Any CPU.Build.0 = Release|Any CPU
		{927DF02A-6666-4CEA-B7C2-24B6A49ED3E0}.Release|Mixed Platforms.ActiveCfg = Release|Any CPU
		{927DF02A-6666-4CEA-B7C2-24B6A49ED3E0}.Release|Mixed Platforms.Build.0 = Release|Any CPU
		{927DF02A-6666-4CEA-B7C2-24B6A49ED3E0}.Release|x64.ActiveCfg = Release|Any CPU
		{927DF02A-6666-4CEA-B7C2-24B6A49ED3E0}.Release|x86.ActiveCfg = Release|Any CPU
		{1166BA45-8008-46B2-B0DC-AE2DD6E8F4F4}.Debug|Any CPU.ActiveCfg = Debug|Any CPU
		{1166BA45-8008-46B2-B0DC-AE2DD6E8F4F4}.Debug|Any CPU.Build.0 = Debug|Any CPU
		{1166BA45-8008-46B2-B0DC-AE2DD6E8F4F4}.Debug|Mixed Platforms.ActiveCfg = Debug|Any CPU
		{1166BA45-8008-46B2-B0DC-AE2DD6E8F4F4}.Debug|Mixed Platforms.Build.0 = Debug|Any CPU
		{1166BA45-8008-46B2-B0DC-AE2DD6E8F4F4}.Debug|x64.ActiveCfg = Debug|Any CPU
		{1166BA45-8008-46B2-B0DC-AE2DD6E8F4F4}.Debug|x86.ActiveCfg = Debug|Any CPU
		{1166BA45-8008-46B2-B0DC-AE2DD6E8F4F4}.Release|Any CPU.ActiveCfg = Release|Any CPU
		{1166BA45-8008-46B2-B0DC-AE2DD6E8F4F4}.Release|Any CPU.Build.0 = Release|Any CPU
		{1166BA45-8008-46B2-B0DC-AE2DD6E8F4F4}.Release|Mixed Platforms.ActiveCfg = Release|Any CPU
		{1166BA45-8008-46B2-B0DC-AE2DD6E8F4F4}.Release|Mixed Platforms.Build.0 = Release|Any CPU
		{1166BA45-8008-46B2-B0DC-AE2DD6E8F4F4}.Release|x64.ActiveCfg = Release|Any CPU
		{1166BA45-8008-46B2-B0DC-AE2DD6E8F4F4}.Release|x86.ActiveCfg = Release|Any CPU
		{F092FA75-847B-4A5D-8820-9D18C56FA638}.Debug|Any CPU.ActiveCfg = Debug|x86
		{F092FA75-847B-4A5D-8820-9D18C56FA638}.Debug|Mixed Platforms.ActiveCfg = Debug|x86
		{F092FA75-847B-4A5D-8820-9D18C56FA638}.Debug|Mixed Platforms.Build.0 = Debug|x86
		{F092FA75-847B-4A5D-8820-9D18C56FA638}.Debug|x64.ActiveCfg = Debug|x86
		{F092FA75-847B-4A5D-8820-9D18C56FA638}.Debug|x86.ActiveCfg = Debug|x86
		{F092FA75-847B-4A5D-8820-9D18C56FA638}.Debug|x86.Build.0 = Debug|x86
		{F092FA75-847B-4A5D-8820-9D18C56FA638}.Release|Any CPU.ActiveCfg = Release|x86
		{F092FA75-847B-4A5D-8820-9D18C56FA638}.Release|Mixed Platforms.ActiveCfg = Release|x86
		{F092FA75-847B-4A5D-8820-9D18C56FA638}.Release|Mixed Platforms.Build.0 = Release|x86
		{F092FA75-847B-4A5D-8820-9D18C56FA638}.Release|x64.ActiveCfg = Release|x86
		{F092FA75-847B-4A5D-8820-9D18C56FA638}.Release|x86.ActiveCfg = Release|x86
		{F092FA75-847B-4A5D-8820-9D18C56FA638}.Release|x86.Build.0 = Release|x86
		{19B4F56E-7EC4-4373-8F5E-207F64523D65}.Debug|Any CPU.ActiveCfg = Debug|Any CPU
		{19B4F56E-7EC4-4373-8F5E-207F64523D65}.Debug|Any CPU.Build.0 = Debug|Any CPU
		{19B4F56E-7EC4-4373-8F5E-207F64523D65}.Debug|Mixed Platforms.ActiveCfg = Debug|Any CPU
		{19B4F56E-7EC4-4373-8F5E-207F64523D65}.Debug|Mixed Platforms.Build.0 = Debug|Any CPU
		{19B4F56E-7EC4-4373-8F5E-207F64523D65}.Debug|x64.ActiveCfg = Debug|Any CPU
		{19B4F56E-7EC4-4373-8F5E-207F64523D65}.Debug|x86.ActiveCfg = Debug|Any CPU
		{19B4F56E-7EC4-4373-8F5E-207F64523D65}.Release|Any CPU.ActiveCfg = Release|Any CPU
		{19B4F56E-7EC4-4373-8F5E-207F64523D65}.Release|Any CPU.Build.0 = Release|Any CPU
		{19B4F56E-7EC4-4373-8F5E-207F64523D65}.Release|Mixed Platforms.ActiveCfg = Release|Any CPU
		{19B4F56E-7EC4-4373-8F5E-207F64523D65}.Release|Mixed Platforms.Build.0 = Release|Any CPU
		{19B4F56E-7EC4-4373-8F5E-207F64523D65}.Release|x64.ActiveCfg = Release|Any CPU
		{19B4F56E-7EC4-4373-8F5E-207F64523D65}.Release|x86.ActiveCfg = Release|Any CPU
		{87236280-4434-422B-8796-D3674760E083}.Debug|Any CPU.ActiveCfg = Debug|Any CPU
		{87236280-4434-422B-8796-D3674760E083}.Debug|Any CPU.Build.0 = Debug|Any CPU
		{87236280-4434-422B-8796-D3674760E083}.Debug|Mixed Platforms.ActiveCfg = Debug|Any CPU
		{87236280-4434-422B-8796-D3674760E083}.Debug|Mixed Platforms.Build.0 = Debug|Any CPU
		{87236280-4434-422B-8796-D3674760E083}.Debug|x64.ActiveCfg = Debug|Any CPU
		{87236280-4434-422B-8796-D3674760E083}.Debug|x86.ActiveCfg = Debug|Any CPU
		{87236280-4434-422B-8796-D3674760E083}.Release|Any CPU.ActiveCfg = Release|Any CPU
		{87236280-4434-422B-8796-D3674760E083}.Release|Any CPU.Build.0 = Release|Any CPU
		{87236280-4434-422B-8796-D3674760E083}.Release|Mixed Platforms.ActiveCfg = Release|Any CPU
		{87236280-4434-422B-8796-D3674760E083}.Release|Mixed Platforms.Build.0 = Release|Any CPU
		{87236280-4434-422B-8796-D3674760E083}.Release|x64.ActiveCfg = Release|Any CPU
		{87236280-4434-422B-8796-D3674760E083}.Release|x86.ActiveCfg = Release|Any CPU
		{1396C7DC-7EA9-42A7-8522-89875847C3F0}.Debug|Any CPU.ActiveCfg = Debug|Any CPU
		{1396C7DC-7EA9-42A7-8522-89875847C3F0}.Debug|Any CPU.Build.0 = Debug|Any CPU
		{1396C7DC-7EA9-42A7-8522-89875847C3F0}.Debug|Mixed Platforms.ActiveCfg = Debug|Any CPU
		{1396C7DC-7EA9-42A7-8522-89875847C3F0}.Debug|Mixed Platforms.Build.0 = Debug|Any CPU
		{1396C7DC-7EA9-42A7-8522-89875847C3F0}.Debug|x64.ActiveCfg = Debug|Any CPU
		{1396C7DC-7EA9-42A7-8522-89875847C3F0}.Debug|x86.ActiveCfg = Debug|Any CPU
		{1396C7DC-7EA9-42A7-8522-89875847C3F0}.Release|Any CPU.ActiveCfg = Release|Any CPU
		{1396C7DC-7EA9-42A7-8522-89875847C3F0}.Release|Any CPU.Build.0 = Release|Any CPU
		{1396C7DC-7EA9-42A7-8522-89875847C3F0}.Release|Mixed Platforms.ActiveCfg = Release|Any CPU
		{1396C7DC-7EA9-42A7-8522-89875847C3F0}.Release|Mixed Platforms.Build.0 = Release|Any CPU
		{1396C7DC-7EA9-42A7-8522-89875847C3F0}.Release|x64.ActiveCfg = Release|Any CPU
		{1396C7DC-7EA9-42A7-8522-89875847C3F0}.Release|x86.ActiveCfg = Release|Any CPU
		{C99937DA-3577-4D62-8294-EFC283C6DADE}.Debug|Any CPU.ActiveCfg = Debug|x86
		{C99937DA-3577-4D62-8294-EFC283C6DADE}.Debug|Mixed Platforms.ActiveCfg = Debug|x86
		{C99937DA-3577-4D62-8294-EFC283C6DADE}.Debug|Mixed Platforms.Build.0 = Debug|x86
		{C99937DA-3577-4D62-8294-EFC283C6DADE}.Debug|x64.ActiveCfg = Debug|x86
		{C99937DA-3577-4D62-8294-EFC283C6DADE}.Debug|x86.ActiveCfg = Debug|x86
		{C99937DA-3577-4D62-8294-EFC283C6DADE}.Debug|x86.Build.0 = Debug|x86
		{C99937DA-3577-4D62-8294-EFC283C6DADE}.Release|Any CPU.ActiveCfg = Release|x86
		{C99937DA-3577-4D62-8294-EFC283C6DADE}.Release|Mixed Platforms.ActiveCfg = Release|x86
		{C99937DA-3577-4D62-8294-EFC283C6DADE}.Release|Mixed Platforms.Build.0 = Release|x86
		{C99937DA-3577-4D62-8294-EFC283C6DADE}.Release|x64.ActiveCfg = Release|x86
		{C99937DA-3577-4D62-8294-EFC283C6DADE}.Release|x86.ActiveCfg = Release|x86
		{C99937DA-3577-4D62-8294-EFC283C6DADE}.Release|x86.Build.0 = Release|x86
		{2A5D98F3-225A-475A-B168-F8A7B16A96A3}.Debug|Any CPU.ActiveCfg = Debug|Any CPU
		{2A5D98F3-225A-475A-B168-F8A7B16A96A3}.Debug|Any CPU.Build.0 = Debug|Any CPU
		{2A5D98F3-225A-475A-B168-F8A7B16A96A3}.Debug|Mixed Platforms.ActiveCfg = Debug|Any CPU
		{2A5D98F3-225A-475A-B168-F8A7B16A96A3}.Debug|Mixed Platforms.Build.0 = Debug|Any CPU
		{2A5D98F3-225A-475A-B168-F8A7B16A96A3}.Debug|x64.ActiveCfg = Debug|Any CPU
		{2A5D98F3-225A-475A-B168-F8A7B16A96A3}.Debug|x86.ActiveCfg = Debug|Any CPU
		{2A5D98F3-225A-475A-B168-F8A7B16A96A3}.Release|Any CPU.ActiveCfg = Release|Any CPU
		{2A5D98F3-225A-475A-B168-F8A7B16A96A3}.Release|Any CPU.Build.0 = Release|Any CPU
		{2A5D98F3-225A-475A-B168-F8A7B16A96A3}.Release|Mixed Platforms.ActiveCfg = Release|Any CPU
		{2A5D98F3-225A-475A-B168-F8A7B16A96A3}.Release|Mixed Platforms.Build.0 = Release|Any CPU
		{2A5D98F3-225A-475A-B168-F8A7B16A96A3}.Release|x64.ActiveCfg = Release|Any CPU
		{2A5D98F3-225A-475A-B168-F8A7B16A96A3}.Release|x86.ActiveCfg = Release|Any CPU
		{77AEFE9A-2029-4E7B-A868-B057BE4E85EA}.Debug|Any CPU.ActiveCfg = Debug|Any CPU
		{77AEFE9A-2029-4E7B-A868-B057BE4E85EA}.Debug|Any CPU.Build.0 = Debug|Any CPU
		{77AEFE9A-2029-4E7B-A868-B057BE4E85EA}.Debug|Mixed Platforms.ActiveCfg = Debug|Any CPU
		{77AEFE9A-2029-4E7B-A868-B057BE4E85EA}.Debug|Mixed Platforms.Build.0 = Debug|Any CPU
		{77AEFE9A-2029-4E7B-A868-B057BE4E85EA}.Debug|x64.ActiveCfg = Debug|x64
		{77AEFE9A-2029-4E7B-A868-B057BE4E85EA}.Debug|x64.Build.0 = Debug|x64
		{77AEFE9A-2029-4E7B-A868-B057BE4E85EA}.Debug|x86.ActiveCfg = Debug|x86
		{77AEFE9A-2029-4E7B-A868-B057BE4E85EA}.Debug|x86.Build.0 = Debug|x86
		{77AEFE9A-2029-4E7B-A868-B057BE4E85EA}.Release|Any CPU.ActiveCfg = Release|Any CPU
		{77AEFE9A-2029-4E7B-A868-B057BE4E85EA}.Release|Any CPU.Build.0 = Release|Any CPU
		{77AEFE9A-2029-4E7B-A868-B057BE4E85EA}.Release|Mixed Platforms.ActiveCfg = Release|Any CPU
		{77AEFE9A-2029-4E7B-A868-B057BE4E85EA}.Release|Mixed Platforms.Build.0 = Release|Any CPU
		{77AEFE9A-2029-4E7B-A868-B057BE4E85EA}.Release|x64.ActiveCfg = Release|x64
		{77AEFE9A-2029-4E7B-A868-B057BE4E85EA}.Release|x64.Build.0 = Release|x64
		{77AEFE9A-2029-4E7B-A868-B057BE4E85EA}.Release|x86.ActiveCfg = Release|x86
		{77AEFE9A-2029-4E7B-A868-B057BE4E85EA}.Release|x86.Build.0 = Release|x86
		{41A72037-9DB9-4D7A-B06D-BF04EA787D79}.Debug|Any CPU.ActiveCfg = Debug|Any CPU
		{41A72037-9DB9-4D7A-B06D-BF04EA787D79}.Debug|Any CPU.Build.0 = Debug|Any CPU
		{41A72037-9DB9-4D7A-B06D-BF04EA787D79}.Debug|Mixed Platforms.ActiveCfg = Debug|Any CPU
		{41A72037-9DB9-4D7A-B06D-BF04EA787D79}.Debug|Mixed Platforms.Build.0 = Debug|Any CPU
		{41A72037-9DB9-4D7A-B06D-BF04EA787D79}.Debug|x64.ActiveCfg = Debug|Any CPU
		{41A72037-9DB9-4D7A-B06D-BF04EA787D79}.Debug|x86.ActiveCfg = Debug|Any CPU
		{41A72037-9DB9-4D7A-B06D-BF04EA787D79}.Release|Any CPU.ActiveCfg = Release|Any CPU
		{41A72037-9DB9-4D7A-B06D-BF04EA787D79}.Release|Any CPU.Build.0 = Release|Any CPU
		{41A72037-9DB9-4D7A-B06D-BF04EA787D79}.Release|Mixed Platforms.ActiveCfg = Release|Any CPU
		{41A72037-9DB9-4D7A-B06D-BF04EA787D79}.Release|Mixed Platforms.Build.0 = Release|Any CPU
		{41A72037-9DB9-4D7A-B06D-BF04EA787D79}.Release|x64.ActiveCfg = Release|Any CPU
		{41A72037-9DB9-4D7A-B06D-BF04EA787D79}.Release|x86.ActiveCfg = Release|Any CPU
		{555642E2-89CA-4D21-A61B-489437660909}.Debug|Any CPU.ActiveCfg = Debug|Any CPU
		{555642E2-89CA-4D21-A61B-489437660909}.Debug|Any CPU.Build.0 = Debug|Any CPU
		{555642E2-89CA-4D21-A61B-489437660909}.Debug|Mixed Platforms.ActiveCfg = Debug|Any CPU
		{555642E2-89CA-4D21-A61B-489437660909}.Debug|Mixed Platforms.Build.0 = Debug|Any CPU
		{555642E2-89CA-4D21-A61B-489437660909}.Debug|x64.ActiveCfg = Debug|Any CPU
		{555642E2-89CA-4D21-A61B-489437660909}.Debug|x86.ActiveCfg = Debug|Any CPU
		{555642E2-89CA-4D21-A61B-489437660909}.Release|Any CPU.ActiveCfg = Release|Any CPU
		{555642E2-89CA-4D21-A61B-489437660909}.Release|Any CPU.Build.0 = Release|Any CPU
		{555642E2-89CA-4D21-A61B-489437660909}.Release|Mixed Platforms.ActiveCfg = Release|Any CPU
		{555642E2-89CA-4D21-A61B-489437660909}.Release|Mixed Platforms.Build.0 = Release|Any CPU
		{555642E2-89CA-4D21-A61B-489437660909}.Release|x64.ActiveCfg = Release|Any CPU
		{555642E2-89CA-4D21-A61B-489437660909}.Release|x86.ActiveCfg = Release|Any CPU
		{F8BE3C81-649D-414D-B54E-0D0C3C621F87}.Debug|Any CPU.ActiveCfg = Debug|Any CPU
		{F8BE3C81-649D-414D-B54E-0D0C3C621F87}.Debug|Any CPU.Build.0 = Debug|Any CPU
		{F8BE3C81-649D-414D-B54E-0D0C3C621F87}.Debug|Mixed Platforms.ActiveCfg = Debug|Any CPU
		{F8BE3C81-649D-414D-B54E-0D0C3C621F87}.Debug|Mixed Platforms.Build.0 = Debug|Any CPU
		{F8BE3C81-649D-414D-B54E-0D0C3C621F87}.Debug|x64.ActiveCfg = Debug|Any CPU
		{F8BE3C81-649D-414D-B54E-0D0C3C621F87}.Debug|x86.ActiveCfg = Debug|Any CPU
		{F8BE3C81-649D-414D-B54E-0D0C3C621F87}.Release|Any CPU.ActiveCfg = Release|Any CPU
		{F8BE3C81-649D-414D-B54E-0D0C3C621F87}.Release|Any CPU.Build.0 = Release|Any CPU
		{F8BE3C81-649D-414D-B54E-0D0C3C621F87}.Release|Mixed Platforms.ActiveCfg = Release|Any CPU
		{F8BE3C81-649D-414D-B54E-0D0C3C621F87}.Release|Mixed Platforms.Build.0 = Release|Any CPU
		{F8BE3C81-649D-414D-B54E-0D0C3C621F87}.Release|x64.ActiveCfg = Release|Any CPU
		{F8BE3C81-649D-414D-B54E-0D0C3C621F87}.Release|x86.ActiveCfg = Release|Any CPU
		{294C26DB-4C94-43D7-90E1-E8102EF663B9}.Debug|Any CPU.ActiveCfg = Debug|x86
		{294C26DB-4C94-43D7-90E1-E8102EF663B9}.Debug|Mixed Platforms.ActiveCfg = Debug|x86
		{294C26DB-4C94-43D7-90E1-E8102EF663B9}.Debug|Mixed Platforms.Build.0 = Debug|x86
		{294C26DB-4C94-43D7-90E1-E8102EF663B9}.Debug|x64.ActiveCfg = Debug|x86
		{294C26DB-4C94-43D7-90E1-E8102EF663B9}.Debug|x86.ActiveCfg = Debug|x86
		{294C26DB-4C94-43D7-90E1-E8102EF663B9}.Debug|x86.Build.0 = Debug|x86
		{294C26DB-4C94-43D7-90E1-E8102EF663B9}.Release|Any CPU.ActiveCfg = Release|x86
		{294C26DB-4C94-43D7-90E1-E8102EF663B9}.Release|Mixed Platforms.ActiveCfg = Release|x86
		{294C26DB-4C94-43D7-90E1-E8102EF663B9}.Release|Mixed Platforms.Build.0 = Release|x86
		{294C26DB-4C94-43D7-90E1-E8102EF663B9}.Release|x64.ActiveCfg = Release|x86
		{294C26DB-4C94-43D7-90E1-E8102EF663B9}.Release|x86.ActiveCfg = Release|x86
		{294C26DB-4C94-43D7-90E1-E8102EF663B9}.Release|x86.Build.0 = Release|x86
		{BA8CBCF0-DC1B-4609-99BB-2E5B7406EE0E}.Debug|Any CPU.ActiveCfg = Debug|x86
		{BA8CBCF0-DC1B-4609-99BB-2E5B7406EE0E}.Debug|Mixed Platforms.ActiveCfg = Debug|x86
		{BA8CBCF0-DC1B-4609-99BB-2E5B7406EE0E}.Debug|Mixed Platforms.Build.0 = Debug|x86
		{BA8CBCF0-DC1B-4609-99BB-2E5B7406EE0E}.Debug|x64.ActiveCfg = Debug|x86
		{BA8CBCF0-DC1B-4609-99BB-2E5B7406EE0E}.Debug|x86.ActiveCfg = Debug|x86
		{BA8CBCF0-DC1B-4609-99BB-2E5B7406EE0E}.Debug|x86.Build.0 = Debug|x86
		{BA8CBCF0-DC1B-4609-99BB-2E5B7406EE0E}.Release|Any CPU.ActiveCfg = Release|x86
		{BA8CBCF0-DC1B-4609-99BB-2E5B7406EE0E}.Release|Mixed Platforms.ActiveCfg = Release|x86
		{BA8CBCF0-DC1B-4609-99BB-2E5B7406EE0E}.Release|Mixed Platforms.Build.0 = Release|x86
		{BA8CBCF0-DC1B-4609-99BB-2E5B7406EE0E}.Release|x64.ActiveCfg = Release|x86
		{BA8CBCF0-DC1B-4609-99BB-2E5B7406EE0E}.Release|x86.ActiveCfg = Release|x86
		{BA8CBCF0-DC1B-4609-99BB-2E5B7406EE0E}.Release|x86.Build.0 = Release|x86
	EndGlobalSection
	GlobalSection(SolutionProperties) = preSolution
		HideSolutionNode = FALSE
	EndGlobalSection
	GlobalSection(NestedProjects) = preSolution
		{84BA9AA4-6638-4E01-A9B5-BA4A196F8407} = {65771697-0185-4205-BF66-E84F189BEB64}
		{43114674-4525-4B91-ADA7-18091B6D2518} = {65771697-0185-4205-BF66-E84F189BEB64}
		{927DF02A-6666-4CEA-B7C2-24B6A49ED3E0} = {65771697-0185-4205-BF66-E84F189BEB64}
		{1166BA45-8008-46B2-B0DC-AE2DD6E8F4F4} = {65771697-0185-4205-BF66-E84F189BEB64}
		{F092FA75-847B-4A5D-8820-9D18C56FA638} = {65771697-0185-4205-BF66-E84F189BEB64}
		{19B4F56E-7EC4-4373-8F5E-207F64523D65} = {65771697-0185-4205-BF66-E84F189BEB64}
		{87236280-4434-422B-8796-D3674760E083} = {65771697-0185-4205-BF66-E84F189BEB64}
		{1396C7DC-7EA9-42A7-8522-89875847C3F0} = {65771697-0185-4205-BF66-E84F189BEB64}
		{C99937DA-3577-4D62-8294-EFC283C6DADE} = {65771697-0185-4205-BF66-E84F189BEB64}
		{F8BE3C81-649D-414D-B54E-0D0C3C621F87} = {65771697-0185-4205-BF66-E84F189BEB64}
		{294C26DB-4C94-43D7-90E1-E8102EF663B9} = {65771697-0185-4205-BF66-E84F189BEB64}
		{BA8CBCF0-DC1B-4609-99BB-2E5B7406EE0E} = {65771697-0185-4205-BF66-E84F189BEB64}
		{0D6389F1-B14E-46A9-857E-DAF0CEA8C475} = {39121CB4-3BE3-467B-834E-3C5998594063}
		{22FBCBCF-7AB1-4D4D-A718-628C24A23EA5} = {39121CB4-3BE3-467B-834E-3C5998594063}
		{E3B5DFB5-E710-4858-BBDC-8B155D273ADE} = {63014DB3-EAA2-4E2C-BD0F-F84F9D1A4152}
		{C01A862A-8684-4A4C-B478-999BC5C8BF75} = {63014DB3-EAA2-4E2C-BD0F-F84F9D1A4152}
		{226AD3C4-2CCB-4ABB-91EB-01E2D1D0CC66} = {63014DB3-EAA2-4E2C-BD0F-F84F9D1A4152}
		{0AAC6D97-1473-4868-B5E9-EB563DE42B7D} = {63014DB3-EAA2-4E2C-BD0F-F84F9D1A4152}
		{D37AAD95-DCA2-4D51-9533-098C32D8C22D} = {63014DB3-EAA2-4E2C-BD0F-F84F9D1A4152}
		{605AAD38-A148-45AE-9423-DC18E3FAF6DC} = {63014DB3-EAA2-4E2C-BD0F-F84F9D1A4152}
		{2A5D98F3-225A-475A-B168-F8A7B16A96A3} = {63014DB3-EAA2-4E2C-BD0F-F84F9D1A4152}
		{77AEFE9A-2029-4E7B-A868-B057BE4E85EA} = {63014DB3-EAA2-4E2C-BD0F-F84F9D1A4152}
		{41A72037-9DB9-4D7A-B06D-BF04EA787D79} = {63014DB3-EAA2-4E2C-BD0F-F84F9D1A4152}
		{555642E2-89CA-4D21-A61B-489437660909} = {63014DB3-EAA2-4E2C-BD0F-F84F9D1A4152}
		{A34D3028-2684-4063-8567-51A0960650C7} = {AC0ACB03-C8CD-4254-96C5-0DD17B26B6FA}
		{C03634A1-391C-4E80-9611-6F666AEE72F2} = {AC0ACB03-C8CD-4254-96C5-0DD17B26B6FA}
		{3CE990B2-BD45-4C48-9660-BE794F81ED1A} = {84BA9AA4-6638-4E01-A9B5-BA4A196F8407}
		{22CE73D5-A393-450F-A4A0-520254021FE6} = {84BA9AA4-6638-4E01-A9B5-BA4A196F8407}
		{2F7982E8-DCCD-47F1-B14A-449C60D1B424} = {54F44351-6C3D-4991-8EB6-380AAAA969CB}
		{31D0878D-3556-4C18-AB15-B9875FDD5F6E} = {54F44351-6C3D-4991-8EB6-380AAAA969CB}
	EndGlobalSection
EndGlobal
